
Microsoft Visual Studio Solution File, Format Version 12.00
# Visual Studio Version 16
VisualStudioVersion = 16.0.808.8
MinimumVisualStudioVersion = 10.0.40219.1
Project("{FAE04EC0-301F-11D3-BF4B-00C04F79EFBC}") = "Server", "TaskManager-API\Server.csproj", "{6239FE03-5D42-4366-8FB5-1EBBDA1BE312}"
EndProject
Global
	GlobalSection(SolutionConfigurationPlatforms) = preSolution
		Debug|Any CPU = Debug|Any CPU
		Release|Any CPU = Release|Any CPU
	EndGlobalSection
	GlobalSection(ProjectConfigurationPlatforms) = postSolution
		{6239FE03-5D42-4366-8FB5-1EBBDA1BE312}.Debug|Any CPU.ActiveCfg = Debug|Any CPU
		{6239FE03-5D42-4366-8FB5-1EBBDA1BE312}.Debug|Any CPU.Build.0 = Debug|Any CPU
		{6239FE03-5D42-4366-8FB5-1EBBDA1BE312}.Release|Any CPU.ActiveCfg = Release|Any CPU
		{6239FE03-5D42-4366-8FB5-1EBBDA1BE312}.Release|Any CPU.Build.0 = Release|Any CPU
	EndGlobalSection
	GlobalSection(SolutionProperties) = preSolution
		HideSolutionNode = FALSE
	EndGlobalSection
	GlobalSection(ExtensibilityGlobals) = postSolution
		SolutionGuid = {070F3AF8-66FB-478A-A63E-D1BC0EBE0E0C}
	EndGlobalSection
EndGlobal
